# This file was autogenerated by Stack.
# You should not edit this file by hand.
# For more information, please see the documentation at:
#   https://docs.haskellstack.org/en/stable/topics/lock_files

packages:
- completed:
    hackage: gigaparsec-0.3.1.0@sha256:fb4b8698aac7aa9de0d3088000205728010431474b4ab9c3c7fe12eaeefde01d,9844
    pantry-tree:
      sha256: d6cd2ea291d8e788e8de75174b95c24d118b76a4dc944217bdc1196e3ee67621
      size: 5231
  original:
    hackage: gigaparsec-0.3.1.0
- completed:
    hackage: containers-0.6.8@sha256:bb2bec1bbc6b39a7c97cd95e056a5698ec45beb5d8feb6caae12af64e4bd823c,2670
    pantry-tree:
      sha256: 62d0b7f21a9f298867bbf0acae201d1fe4e32d309b4085a52c037eb551852811
      size: 2954
  original:
    hackage: containers-0.6.8@sha256:bb2bec1bbc6b39a7c97cd95e056a5698ec45beb5d8feb6caae12af64e4bd823c,2670
- completed:
    hackage: rt-0.1.0.0@sha256:3dbaed11a49993d1440d36b0c6136569a10e6bd2fa2b8280ef590542dd388a2d,2733
    pantry-tree:
      sha256: e01af7b6333b7be975acb862e37c02f5cef51f634871c00b2e8222a5793af9c3
      size: 400
  original:
    hackage: rt-0.1.0.0@sha256:3dbaed11a49993d1440d36b0c6136569a10e6bd2fa2b8280ef590542dd388a2d,2733
- completed:
    hackage: text-2.1.2@sha256:2898d240693a61911efc6e9f9dd3f05a1561684b0c42da964b76ae6463dba754,10989
    pantry-tree:
      sha256: 55d235c81b0b35a55d8b33f832c6df0c7a3ff546b707172f97c68ab17b87f5d4
      size: 8647
  original:
    hackage: text-2.1.2@sha256:2898d240693a61911efc6e9f9dd3f05a1561684b0c42da964b76ae6463dba754,10989
- completed:
    hackage: binary-0.8.9.3@sha256:8b03c7fd5a7f6803280fba87e38d534beb1dc92fec975de5bd36200633996ef2,6576
    pantry-tree:
      sha256: 32834cef5d28bfbe4ba230c12bdae4363a30911f898df9e6d5074fbbabcd549a
      size: 1976
  original:
    hackage: binary-0.8.9.3@sha256:8b03c7fd5a7f6803280fba87e38d534beb1dc92fec975de5bd36200633996ef2,6576
snapshots:
- completed:
    sha256: 3f59fb01f884a786c64e247ffe145df5f6045d929b1d2752b5ce768e37fd44e5
    size: 724510
    url: https://raw.githubusercontent.com/commercialhaskell/stackage-snapshots/master/lts/24/0.yaml
  original:
    url: https://raw.githubusercontent.com/commercialhaskell/stackage-snapshots/master/lts/24/0.yaml
